
Microsoft Visual Studio Solution File, Format Version 12.00
# Visual Studio 15
VisualStudioVersion = 15.0.28307.329
MinimumVisualStudioVersion = 10.0.40219.1
Project("{FAE04EC0-301F-11D3-BF4B-00C04F79EFBC}") = "Ejercicio8.Android", "Ejercicio8\Ejercicio8.Android\Ejercicio8.Android.csproj", "{896E934D-B8F0-4A7C-A69E-9B93635C1443}"
EndProject
Project("{FAE04EC0-301F-11D3-BF4B-00C04F79EFBC}") = "Ejercicio8", "Ejercicio8\Ejercicio8\Ejercicio8.csproj", "{4D751526-32F8-4891-8710-40F0A67454BE}"
EndProject
Global
	GlobalSection(SolutionConfigurationPlatforms) = preSolution
		Debug|Any CPU = Debug|Any CPU
		Release|Any CPU = Release|Any CPU
	EndGlobalSection
	GlobalSection(ProjectConfigurationPlatforms) = postSolution
		{896E934D-B8F0-4A7C-A69E-9B93635C1443}.Debug|Any CPU.ActiveCfg = Debug|Any CPU
		{896E934D-B8F0-4A7C-A69E-9B93635C1443}.Debug|Any CPU.Build.0 = Debug|Any CPU
		{896E934D-B8F0-4A7C-A69E-9B93635C1443}.Debug|Any CPU.Deploy.0 = Debug|Any CPU
		{896E934D-B8F0-4A7C-A69E-9B93635C1443}.Release|Any CPU.ActiveCfg = Release|Any CPU
		{896E934D-B8F0-4A7C-A69E-9B93635C1443}.Release|Any CPU.Build.0 = Release|Any CPU
		{896E934D-B8F0-4A7C-A69E-9B93635C1443}.Release|Any CPU.Deploy.0 = Release|Any CPU
		{4D751526-32F8-4891-8710-40F0A67454BE}.Debug|Any CPU.ActiveCfg = Debug|Any CPU
		{4D751526-32F8-4891-8710-40F0A67454BE}.Debug|Any CPU.Build.0 = Debug|Any CPU
		{4D751526-32F8-4891-8710-40F0A67454BE}.Release|Any CPU.ActiveCfg = Release|Any CPU
		{4D751526-32F8-4891-8710-40F0A67454BE}.Release|Any CPU.Build.0 = Release|Any CPU
	EndGlobalSection
	GlobalSection(SolutionProperties) = preSolution
		HideSolutionNode = FALSE
	EndGlobalSection
	GlobalSection(ExtensibilityGlobals) = postSolution
		SolutionGuid = {1AAC7988-B188-495A-98E7-3F3840CFF2C5}
	EndGlobalSection
EndGlobal
