
Microsoft Visual Studio Solution File, Format Version 12.00
# Visual Studio 15
VisualStudioVersion = 15.0.28307.329
MinimumVisualStudioVersion = 10.0.40219.1
Project("{FAE04EC0-301F-11D3-BF4B-00C04F79EFBC}") = "Ejercicio12.Android", "Ejercicio12\Ejercicio12.Android\Ejercicio12.Android.csproj", "{146D6A4B-B3B1-49CE-AAF3-2B6B852A3EF7}"
EndProject
Project("{FAE04EC0-301F-11D3-BF4B-00C04F79EFBC}") = "Ejercicio12", "Ejercicio12\Ejercicio12\Ejercicio12.csproj", "{EE3EB92D-1C70-4A3D-AA84-AB0D69B15F7A}"
EndProject
Global
	GlobalSection(SolutionConfigurationPlatforms) = preSolution
		Debug|Any CPU = Debug|Any CPU
		Release|Any CPU = Release|Any CPU
	EndGlobalSection
	GlobalSection(ProjectConfigurationPlatforms) = postSolution
		{146D6A4B-B3B1-49CE-AAF3-2B6B852A3EF7}.Debug|Any CPU.ActiveCfg = Debug|Any CPU
		{146D6A4B-B3B1-49CE-AAF3-2B6B852A3EF7}.Debug|Any CPU.Build.0 = Debug|Any CPU
		{146D6A4B-B3B1-49CE-AAF3-2B6B852A3EF7}.Debug|Any CPU.Deploy.0 = Debug|Any CPU
		{146D6A4B-B3B1-49CE-AAF3-2B6B852A3EF7}.Release|Any CPU.ActiveCfg = Release|Any CPU
		{146D6A4B-B3B1-49CE-AAF3-2B6B852A3EF7}.Release|Any CPU.Build.0 = Release|Any CPU
		{146D6A4B-B3B1-49CE-AAF3-2B6B852A3EF7}.Release|Any CPU.Deploy.0 = Release|Any CPU
		{EE3EB92D-1C70-4A3D-AA84-AB0D69B15F7A}.Debug|Any CPU.ActiveCfg = Debug|Any CPU
		{EE3EB92D-1C70-4A3D-AA84-AB0D69B15F7A}.Debug|Any CPU.Build.0 = Debug|Any CPU
		{EE3EB92D-1C70-4A3D-AA84-AB0D69B15F7A}.Release|Any CPU.ActiveCfg = Release|Any CPU
		{EE3EB92D-1C70-4A3D-AA84-AB0D69B15F7A}.Release|Any CPU.Build.0 = Release|Any CPU
	EndGlobalSection
	GlobalSection(SolutionProperties) = preSolution
		HideSolutionNode = FALSE
	EndGlobalSection
	GlobalSection(ExtensibilityGlobals) = postSolution
		SolutionGuid = {1E5C66A2-55D7-4303-86CA-0CC9736F94DA}
	EndGlobalSection
EndGlobal
