
Microsoft Visual Studio Solution File, Format Version 12.00
# Visual Studio 15
VisualStudioVersion = 15.0.28307.329
MinimumVisualStudioVersion = 10.0.40219.1
Project("{FAE04EC0-301F-11D3-BF4B-00C04F79EFBC}") = "Ejercicio15.Android", "Ejercicio15\Ejercicio15.Android\Ejercicio15.Android.csproj", "{C97392F2-780E-4A9C-858F-B0CB0AB1DD2F}"
EndProject
Project("{FAE04EC0-301F-11D3-BF4B-00C04F79EFBC}") = "Ejercicio15", "Ejercicio15\Ejercicio15\Ejercicio15.csproj", "{3381226D-E602-4831-80A8-CEE28AC9EEA1}"
EndProject
Global
	GlobalSection(SolutionConfigurationPlatforms) = preSolution
		Debug|Any CPU = Debug|Any CPU
		Release|Any CPU = Release|Any CPU
	EndGlobalSection
	GlobalSection(ProjectConfigurationPlatforms) = postSolution
		{C97392F2-780E-4A9C-858F-B0CB0AB1DD2F}.Debug|Any CPU.ActiveCfg = Debug|Any CPU
		{C97392F2-780E-4A9C-858F-B0CB0AB1DD2F}.Debug|Any CPU.Build.0 = Debug|Any CPU
		{C97392F2-780E-4A9C-858F-B0CB0AB1DD2F}.Debug|Any CPU.Deploy.0 = Debug|Any CPU
		{C97392F2-780E-4A9C-858F-B0CB0AB1DD2F}.Release|Any CPU.ActiveCfg = Release|Any CPU
		{C97392F2-780E-4A9C-858F-B0CB0AB1DD2F}.Release|Any CPU.Build.0 = Release|Any CPU
		{C97392F2-780E-4A9C-858F-B0CB0AB1DD2F}.Release|Any CPU.Deploy.0 = Release|Any CPU
		{3381226D-E602-4831-80A8-CEE28AC9EEA1}.Debug|Any CPU.ActiveCfg = Debug|Any CPU
		{3381226D-E602-4831-80A8-CEE28AC9EEA1}.Debug|Any CPU.Build.0 = Debug|Any CPU
		{3381226D-E602-4831-80A8-CEE28AC9EEA1}.Release|Any CPU.ActiveCfg = Release|Any CPU
		{3381226D-E602-4831-80A8-CEE28AC9EEA1}.Release|Any CPU.Build.0 = Release|Any CPU
	EndGlobalSection
	GlobalSection(SolutionProperties) = preSolution
		HideSolutionNode = FALSE
	EndGlobalSection
	GlobalSection(ExtensibilityGlobals) = postSolution
		SolutionGuid = {D095F877-9930-435C-B8BF-847D71F9D854}
	EndGlobalSection
EndGlobal
