
Microsoft Visual Studio Solution File, Format Version 12.00
# Visual Studio 15
VisualStudioVersion = 15.0.28307.329
MinimumVisualStudioVersion = 10.0.40219.1
Project("{FAE04EC0-301F-11D3-BF4B-00C04F79EFBC}") = "Ejercicio10.Android", "Ejercicio10\Ejercicio10.Android\Ejercicio10.Android.csproj", "{9B139D2C-FBA4-40CD-BCA4-4CC3617CA295}"
EndProject
Project("{FAE04EC0-301F-11D3-BF4B-00C04F79EFBC}") = "Ejercicio10", "Ejercicio10\Ejercicio10\Ejercicio10.csproj", "{D93D1E41-914B-40C6-ADB3-B3025DB4C8AB}"
EndProject
Global
	GlobalSection(SolutionConfigurationPlatforms) = preSolution
		Debug|Any CPU = Debug|Any CPU
		Release|Any CPU = Release|Any CPU
	EndGlobalSection
	GlobalSection(ProjectConfigurationPlatforms) = postSolution
		{9B139D2C-FBA4-40CD-BCA4-4CC3617CA295}.Debug|Any CPU.ActiveCfg = Debug|Any CPU
		{9B139D2C-FBA4-40CD-BCA4-4CC3617CA295}.Debug|Any CPU.Build.0 = Debug|Any CPU
		{9B139D2C-FBA4-40CD-BCA4-4CC3617CA295}.Debug|Any CPU.Deploy.0 = Debug|Any CPU
		{9B139D2C-FBA4-40CD-BCA4-4CC3617CA295}.Release|Any CPU.ActiveCfg = Release|Any CPU
		{9B139D2C-FBA4-40CD-BCA4-4CC3617CA295}.Release|Any CPU.Build.0 = Release|Any CPU
		{9B139D2C-FBA4-40CD-BCA4-4CC3617CA295}.Release|Any CPU.Deploy.0 = Release|Any CPU
		{D93D1E41-914B-40C6-ADB3-B3025DB4C8AB}.Debug|Any CPU.ActiveCfg = Debug|Any CPU
		{D93D1E41-914B-40C6-ADB3-B3025DB4C8AB}.Debug|Any CPU.Build.0 = Debug|Any CPU
		{D93D1E41-914B-40C6-ADB3-B3025DB4C8AB}.Release|Any CPU.ActiveCfg = Release|Any CPU
		{D93D1E41-914B-40C6-ADB3-B3025DB4C8AB}.Release|Any CPU.Build.0 = Release|Any CPU
	EndGlobalSection
	GlobalSection(SolutionProperties) = preSolution
		HideSolutionNode = FALSE
	EndGlobalSection
	GlobalSection(ExtensibilityGlobals) = postSolution
		SolutionGuid = {59CC092F-1BF7-49D8-8D87-8E3DF381345C}
	EndGlobalSection
EndGlobal
